
Microsoft Visual Studio Solution File, Format Version 12.00
# Visual Studio Version 16
VisualStudioVersion = 16.0.32106.194
MinimumVisualStudioVersion = 10.0.40219.1
Project("{FAE04EC0-301F-11D3-BF4B-00C04F79EFBC}") = "HW_5", "HW_5\HW_5.csproj", "{411AED27-E431-401B-81F7-29780EF8D31B}"
EndProject
Global
	GlobalSection(SolutionConfigurationPlatforms) = preSolution
		Debug|Any CPU = Debug|Any CPU
		Release|Any CPU = Release|Any CPU
	EndGlobalSection
	GlobalSection(ProjectConfigurationPlatforms) = postSolution
		{411AED27-E431-401B-81F7-29780EF8D31B}.Debug|Any CPU.ActiveCfg = Debug|Any CPU
		{411AED27-E431-401B-81F7-29780EF8D31B}.Debug|Any CPU.Build.0 = Debug|Any CPU
		{411AED27-E431-401B-81F7-29780EF8D31B}.Release|Any CPU.ActiveCfg = Release|Any CPU
		{411AED27-E431-401B-81F7-29780EF8D31B}.Release|Any CPU.Build.0 = Release|Any CPU
	EndGlobalSection
	GlobalSection(SolutionProperties) = preSolution
		HideSolutionNode = FALSE
	EndGlobalSection
	GlobalSection(ExtensibilityGlobals) = postSolution
		SolutionGuid = {9AFC9C9F-7B5E-44E4-A478-3E77D42FE71F}
	EndGlobalSection
EndGlobal
