
Microsoft Visual Studio Solution File, Format Version 12.00
# Visual Studio Version 16
VisualStudioVersion = 16.0.32106.194
MinimumVisualStudioVersion = 10.0.40219.1
Project("{FAE04EC0-301F-11D3-BF4B-00C04F79EFBC}") = "Module1ALevelProject", "Module1ALevelProject\Module1ALevelProject.csproj", "{D302F034-44BE-4500-BAE7-F9B8DE74CA33}"
EndProject
Global
	GlobalSection(SolutionConfigurationPlatforms) = preSolution
		Debug|Any CPU = Debug|Any CPU
		Release|Any CPU = Release|Any CPU
	EndGlobalSection
	GlobalSection(ProjectConfigurationPlatforms) = postSolution
		{D302F034-44BE-4500-BAE7-F9B8DE74CA33}.Debug|Any CPU.ActiveCfg = Debug|Any CPU
		{D302F034-44BE-4500-BAE7-F9B8DE74CA33}.Debug|Any CPU.Build.0 = Debug|Any CPU
		{D302F034-44BE-4500-BAE7-F9B8DE74CA33}.Release|Any CPU.ActiveCfg = Release|Any CPU
		{D302F034-44BE-4500-BAE7-F9B8DE74CA33}.Release|Any CPU.Build.0 = Release|Any CPU
	EndGlobalSection
	GlobalSection(SolutionProperties) = preSolution
		HideSolutionNode = FALSE
	EndGlobalSection
	GlobalSection(ExtensibilityGlobals) = postSolution
		SolutionGuid = {D0F63987-B7A0-446C-B1D8-7B7DADD9A5F9}
	EndGlobalSection
EndGlobal
